# THIS IS AN AUTOGENERATED FILE. DO NOT EDIT THIS FILE DIRECTLY.
# yarn lockfile v1


"@babylonjs/core@^5.1.0":
  version "5.57.1"
  resolved "https://registry.npmjs.org/@babylonjs/core/-/core-5.57.1.tgz"
  integrity sha512-k8U+SFPVGvHgeNr651nxZL26iVCmTzjmRrdbQa0BGas+lg8PIV/tfhN4uTeWWQeRFLvjbkcHA5qD8x/Xk3EpMQ==

"@babylonjs/gui-editor@^6.29.1":
  version "6.29.1"
  resolved "https://registry.npmjs.org/@babylonjs/gui-editor/-/gui-editor-6.29.1.tgz"
  integrity sha512-Dpm0QUxkfQ+kNEJDm07+cXMQUjBkkJo8ZwfNZ3t1p9YbDm0QrF6wlH7wVdGHwYaZJ71XdKDbOG4ObLvqHLjK2Q==

"@babylonjs/gui@^6.29.1":
  version "6.29.1"
  resolved "https://registry.npmjs.org/@babylonjs/gui/-/gui-6.29.1.tgz"
  integrity sha512-mWdmIkjHAPmcW774rPOhjbX7AN+KoUXbCkGBIzj1erbthQTGLJzclCwqImi9lFTvcbT/HrjSZSl4F+wfCn1L6w==

"@babylonjs/inspector@^5.2.0":
  version "5.57.1"
  resolved "https://registry.npmjs.org/@babylonjs/inspector/-/inspector-5.57.1.tgz"
  integrity sha512-F40V91R4h+vhlmBs7FHA4qQkFKjJwWF78cUhUgTVwGdwHDRwZ3Pweu26xEfTtw71am26tgHgBZedBTNCokgqtQ==
  dependencies:
    "@fortawesome/fontawesome-svg-core" "^6.1.0"
    "@fortawesome/free-regular-svg-icons" "^6.0.0"
    "@fortawesome/free-solid-svg-icons" "^6.0.0"

"@babylonjs/loaders@^5.1.0":
  version "5.57.1"
  resolved "https://registry.npmjs.org/@babylonjs/loaders/-/loaders-5.57.1.tgz"
  integrity sha512-DHk0iOwJgnTcj8vI+cQVzpiUvWGJvYqWyZxsf7nzhbeND+ZwNWSG0AelaGbGHpWTaDSd/DjUcoWVZuT4Cg6/Xg==

"@babylonjs/materials@^6.29.1":
  version "6.29.1"
  resolved "https://registry.npmjs.org/@babylonjs/materials/-/materials-6.29.1.tgz"
  integrity sha512-DTk+Q36JXadzYRaGyFUV0jhyQ4dSXeXdArhcrPX8hZoEZMlEYf2QmztDJ2jW8UXsVVsdrTGVdsdOGO9M0Yn0wg==

"@babylonjs/serializers@^6.29.1":
  version "6.29.1"
  resolved "https://registry.npmjs.org/@babylonjs/serializers/-/serializers-6.29.1.tgz"
  integrity sha512-pun4p5tb7U8qQPv1YkXo0LcbMkVFAvnQVGPKjA4nTFgovt6GjZa/cG5T6p4zz+Sk45jvCnSkDn6DgYyf2HCwIQ==

"@esbuild/darwin-arm64@0.18.20":
  version "0.18.20"
  resolved "https://registry.npmjs.org/@esbuild/darwin-arm64/-/darwin-arm64-0.18.20.tgz"
  integrity sha512-bxRHW5kHU38zS2lPTPOyuyTm+S+eobPUnTNkdJEfAddYgEcll4xkT8DB9d2008DtTbl7uJag2HuE5NZAZgnNEA==

"@fortawesome/fontawesome-common-types@6.4.2":
  version "6.4.2"
  resolved "https://registry.npmjs.org/@fortawesome/fontawesome-common-types/-/fontawesome-common-types-6.4.2.tgz"
  integrity sha512-1DgP7f+XQIJbLFCTX1V2QnxVmpLdKdzzo2k8EmvDOePfchaIGQ9eCHj2up3/jNEbZuBqel5OxiaOJf37TWauRA==

"@fortawesome/fontawesome-svg-core@^6.1.0":
  version "6.4.2"
  resolved "https://registry.npmjs.org/@fortawesome/fontawesome-svg-core/-/fontawesome-svg-core-6.4.2.tgz"
  integrity sha512-gjYDSKv3TrM2sLTOKBc5rH9ckje8Wrwgx1CxAPbN5N3Fm4prfi7NsJVWd1jklp7i5uSCVwhZS5qlhMXqLrpAIg==
  dependencies:
    "@fortawesome/fontawesome-common-types" "6.4.2"

"@fortawesome/free-regular-svg-icons@^6.0.0":
  version "6.4.2"
  resolved "https://registry.npmjs.org/@fortawesome/free-regular-svg-icons/-/free-regular-svg-icons-6.4.2.tgz"
  integrity sha512-0+sIUWnkgTVVXVAPQmW4vxb9ZTHv0WstOa3rBx9iPxrrrDH6bNLsDYuwXF9b6fGm+iR7DKQvQshUH/FJm3ed9Q==
  dependencies:
    "@fortawesome/fontawesome-common-types" "6.4.2"

"@fortawesome/free-solid-svg-icons@^6.0.0":
  version "6.4.2"
  resolved "https://registry.npmjs.org/@fortawesome/free-solid-svg-icons/-/free-solid-svg-icons-6.4.2.tgz"
  integrity sha512-sYwXurXUEQS32fZz9hVCUUv/xu49PEJEyUOsA51l6PU/qVgfbTb2glsTEaJngVVT8VqBATRIdh7XVgV1JF1LkA==
  dependencies:
    "@fortawesome/fontawesome-common-types" "6.4.2"

"@mediapipe/camera_utils@^0.3.1640029074":
  version "0.3.1675466862"
  resolved "https://registry.npmjs.org/@mediapipe/camera_utils/-/camera_utils-0.3.1675466862.tgz"
  integrity sha512-siuXBoUxWo9WL0MeAxIxvxY04bvbtdNl7uCxoJxiAiRtNnCYrurr7Vl5VYQ94P7Sq0gVq6PxIDhWWeZ/pLnSzw==

"@mediapipe/hands@^0.4.1646424915":
  version "0.4.1675469240"
  resolved "https://registry.npmjs.org/@mediapipe/hands/-/hands-0.4.1675469240.tgz"
  integrity sha512-GxoZvL1mmhJxFxjuyj7vnC++JIuInGznHBin5c7ZSq/RbcnGyfEcJrkM/bMu5K1Mz/2Ko+vEX6/+wewmEHPrHg==

babylonjs@^5.1.0:
  version "5.57.1"
  resolved "https://registry.npmjs.org/babylonjs/-/babylonjs-5.57.1.tgz"
  integrity sha512-X1t3mi8GuJjFVziN1yBJtekphilGN9VfOHm2tn/H6gra+WS7UZkrOOHLlKwYEXKdU73opxOR95jHXmv692KR6g==

esbuild@^0.18.10:
  version "0.18.20"
  resolved "https://registry.npmjs.org/esbuild/-/esbuild-0.18.20.tgz"
  integrity sha512-ceqxoedUrcayh7Y7ZX6NdbbDzGROiyVBgC4PriJThBKSVPWnnFHZAkfI1lJT8QFkOwH4qOS2SJkS4wvpGl8BpA==
  optionalDependencies:
    "@esbuild/android-arm" "0.18.20"
    "@esbuild/android-arm64" "0.18.20"
    "@esbuild/android-x64" "0.18.20"
    "@esbuild/darwin-arm64" "0.18.20"
    "@esbuild/darwin-x64" "0.18.20"
    "@esbuild/freebsd-arm64" "0.18.20"
    "@esbuild/freebsd-x64" "0.18.20"
    "@esbuild/linux-arm" "0.18.20"
    "@esbuild/linux-arm64" "0.18.20"
    "@esbuild/linux-ia32" "0.18.20"
    "@esbuild/linux-loong64" "0.18.20"
    "@esbuild/linux-mips64el" "0.18.20"
    "@esbuild/linux-ppc64" "0.18.20"
    "@esbuild/linux-riscv64" "0.18.20"
    "@esbuild/linux-s390x" "0.18.20"
    "@esbuild/linux-x64" "0.18.20"
    "@esbuild/netbsd-x64" "0.18.20"
    "@esbuild/openbsd-x64" "0.18.20"
    "@esbuild/sunos-x64" "0.18.20"
    "@esbuild/win32-arm64" "0.18.20"
    "@esbuild/win32-ia32" "0.18.20"
    "@esbuild/win32-x64" "0.18.20"

fsevents@~2.3.2:
  version "2.3.3"
  resolved "https://registry.npmjs.org/fsevents/-/fsevents-2.3.3.tgz"
  integrity sha512-5xoDfX+fL7faATnagmWPpbFtwh/R77WmMMqqHGS65C3vvB0YHrgF+B1YmZ3441tMj5n63k0212XNoJwzlhffQw==

nanoid@^3.3.6:
  version "3.3.7"
  resolved "https://registry.npmjs.org/nanoid/-/nanoid-3.3.7.tgz"
  integrity sha512-eSRppjcPIatRIMC1U6UngP8XFcz8MQWGQdt1MTBQ7NaAmvXDfvNxbvWV3x2y6CdEUciCSsDHDQZbhYaB8QEo2g==

picocolors@^1.0.0:
  version "1.0.0"
  resolved "https://registry.npmjs.org/picocolors/-/picocolors-1.0.0.tgz"
  integrity sha512-1fygroTLlHu66zi26VoTDv8yRgm0Fccecssto+MhsZ0D/DGW2sm8E8AjW7NU5VVTRt5GxbeZ5qBuJr+HyLYkjQ==

postcss@^8.4.27:
  version "8.4.31"
  resolved "https://registry.npmjs.org/postcss/-/postcss-8.4.31.tgz"
  integrity sha512-PS08Iboia9mts/2ygV3eLpY5ghnUcfLV/EXTOW1E2qYxJKGGBUtNjN76FYHnMs36RmARn41bC0AZmn+rR0OVpQ==
  dependencies:
    nanoid "^3.3.6"
    picocolors "^1.0.0"
    source-map-js "^1.0.2"

rollup@^3.27.1:
  version "3.29.4"
  resolved "https://registry.npmjs.org/rollup/-/rollup-3.29.4.tgz"
  integrity sha512-oWzmBZwvYrU0iJHtDmhsm662rC15FRXmcjCk1xD771dFDx5jJ02ufAQQTn0etB2emNk4J9EZg/yWKpsn9BWGRw==
  optionalDependencies:
    fsevents "~2.3.2"

source-map-js@^1.0.2:
  version "1.0.2"
  resolved "https://registry.npmjs.org/source-map-js/-/source-map-js-1.0.2.tgz"
  integrity sha512-R0XvVJ9WusLiqTCEiGCmICCMplcCkIwwR11mOSD9CR5u+IXYdiseeEuXCVAjS54zqwkLcPNnmU4OeJ6tUrWhDw==

vite@^4.4.5:
  version "4.5.0"
  resolved "https://registry.npmjs.org/vite/-/vite-4.5.0.tgz"
  integrity sha512-ulr8rNLA6rkyFAlVWw2q5YJ91v098AFQ2R0PRFwPzREXOUJQPtFUG0t+/ZikhaOCDqFoDhN6/v8Sq0o4araFAw==
  dependencies:
    esbuild "^0.18.10"
    postcss "^8.4.27"
    rollup "^3.27.1"
  optionalDependencies:
    fsevents "~2.3.2"
